
Microsoft Visual Studio Solution File, Format Version 12.00
# Visual Studio Version 17
VisualStudioVersion = 17.9.34728.123
MinimumVisualStudioVersion = 10.0.40219.1
Project("{FAE04EC0-301F-11D3-BF4B-00C04F79EFBC}") = "SideMenuC#", "SideMenuC#.csproj", "{E2271DC1-2F78-43AB-87AA-1FAE4C28961C}"
EndProject
Project("{FAE04EC0-301F-11D3-BF4B-00C04F79EFBC}") = "WindowsFormsApp2", "..\WindowsFormsApp2\WindowsFormsApp2.csproj", "{C4495C58-1F15-427B-9071-9CFF284AE67D}"
EndProject
Project("{FAE04EC0-301F-11D3-BF4B-00C04F79EFBC}") = "SideMenAppMdi", "..\SideMenAppMdi\SideMenAppMdi.csproj", "{710A3467-EC8A-44A7-A570-6B1A8A1D0D0D}"
EndProject
Global
	GlobalSection(SolutionConfigurationPlatforms) = preSolution
		Debug|Any CPU = Debug|Any CPU
		Release|Any CPU = Release|Any CPU
	EndGlobalSection
	GlobalSection(ProjectConfigurationPlatforms) = postSolution
		{E2271DC1-2F78-43AB-87AA-1FAE4C28961C}.Debug|Any CPU.ActiveCfg = Debug|Any CPU
		{E2271DC1-2F78-43AB-87AA-1FAE4C28961C}.Debug|Any CPU.Build.0 = Debug|Any CPU
		{E2271DC1-2F78-43AB-87AA-1FAE4C28961C}.Release|Any CPU.ActiveCfg = Release|Any CPU
		{E2271DC1-2F78-43AB-87AA-1FAE4C28961C}.Release|Any CPU.Build.0 = Release|Any CPU
		{C4495C58-1F15-427B-9071-9CFF284AE67D}.Debug|Any CPU.ActiveCfg = Debug|Any CPU
		{C4495C58-1F15-427B-9071-9CFF284AE67D}.Debug|Any CPU.Build.0 = Debug|Any CPU
		{C4495C58-1F15-427B-9071-9CFF284AE67D}.Release|Any CPU.ActiveCfg = Release|Any CPU
		{C4495C58-1F15-427B-9071-9CFF284AE67D}.Release|Any CPU.Build.0 = Release|Any CPU
		{710A3467-EC8A-44A7-A570-6B1A8A1D0D0D}.Debug|Any CPU.ActiveCfg = Debug|Any CPU
		{710A3467-EC8A-44A7-A570-6B1A8A1D0D0D}.Debug|Any CPU.Build.0 = Debug|Any CPU
		{710A3467-EC8A-44A7-A570-6B1A8A1D0D0D}.Release|Any CPU.ActiveCfg = Release|Any CPU
		{710A3467-EC8A-44A7-A570-6B1A8A1D0D0D}.Release|Any CPU.Build.0 = Release|Any CPU
	EndGlobalSection
	GlobalSection(SolutionProperties) = preSolution
		HideSolutionNode = FALSE
	EndGlobalSection
	GlobalSection(ExtensibilityGlobals) = postSolution
		SolutionGuid = {EA838A01-1C45-4534-A885-D63C6DCBCDF3}
	EndGlobalSection
EndGlobal
