
Microsoft Visual Studio Solution File, Format Version 12.00
# Visual Studio Version 17
VisualStudioVersion = 17.9.34728.123
MinimumVisualStudioVersion = 10.0.40219.1
Project("{FAE04EC0-301F-11D3-BF4B-00C04F79EFBC}") = "ImpressoraPadraoC#", "ImpressoraPadraoC#.csproj", "{CC4CECCB-FD4C-47C7-A98A-A14C66F5F7FB}"
EndProject
Global
	GlobalSection(SolutionConfigurationPlatforms) = preSolution
		Debug|Any CPU = Debug|Any CPU
		Release|Any CPU = Release|Any CPU
	EndGlobalSection
	GlobalSection(ProjectConfigurationPlatforms) = postSolution
		{CC4CECCB-FD4C-47C7-A98A-A14C66F5F7FB}.Debug|Any CPU.ActiveCfg = Debug|Any CPU
		{CC4CECCB-FD4C-47C7-A98A-A14C66F5F7FB}.Debug|Any CPU.Build.0 = Debug|Any CPU
		{CC4CECCB-FD4C-47C7-A98A-A14C66F5F7FB}.Release|Any CPU.ActiveCfg = Release|Any CPU
		{CC4CECCB-FD4C-47C7-A98A-A14C66F5F7FB}.Release|Any CPU.Build.0 = Release|Any CPU
	EndGlobalSection
	GlobalSection(SolutionProperties) = preSolution
		HideSolutionNode = FALSE
	EndGlobalSection
	GlobalSection(ExtensibilityGlobals) = postSolution
		SolutionGuid = {42836432-7D73-472B-B9D2-66D14D472F8B}
	EndGlobalSection
EndGlobal
