
Microsoft Visual Studio Solution File, Format Version 12.00
# Visual Studio Version 17
VisualStudioVersion = 17.9.34728.123
MinimumVisualStudioVersion = 10.0.40219.1
Project("{FAE04EC0-301F-11D3-BF4B-00C04F79EFBC}") = "TaskSConsole", "TaskSConsole.csproj", "{EEB3A881-1432-4997-9E19-1D8A41EE8D2A}"
EndProject
Global
	GlobalSection(SolutionConfigurationPlatforms) = preSolution
		Debug|Any CPU = Debug|Any CPU
		Release|Any CPU = Release|Any CPU
	EndGlobalSection
	GlobalSection(ProjectConfigurationPlatforms) = postSolution
		{EEB3A881-1432-4997-9E19-1D8A41EE8D2A}.Debug|Any CPU.ActiveCfg = Debug|Any CPU
		{EEB3A881-1432-4997-9E19-1D8A41EE8D2A}.Debug|Any CPU.Build.0 = Debug|Any CPU
		{EEB3A881-1432-4997-9E19-1D8A41EE8D2A}.Release|Any CPU.ActiveCfg = Release|Any CPU
		{EEB3A881-1432-4997-9E19-1D8A41EE8D2A}.Release|Any CPU.Build.0 = Release|Any CPU
	EndGlobalSection
	GlobalSection(SolutionProperties) = preSolution
		HideSolutionNode = FALSE
	EndGlobalSection
	GlobalSection(ExtensibilityGlobals) = postSolution
		SolutionGuid = {4DADABA2-276F-49E8-B614-C067E7D12445}
	EndGlobalSection
EndGlobal
