
Microsoft Visual Studio Solution File, Format Version 12.00
# Visual Studio Version 17
VisualStudioVersion = 17.9.34728.123
MinimumVisualStudioVersion = 10.0.40219.1
Project("{FAE04EC0-301F-11D3-BF4B-00C04F79EFBC}") = "SistemaComercio", "SistemaComercio.csproj", "{F8F2F962-6CE8-4A64-84C1-0E9DC6DD396E}"
EndProject
Global
	GlobalSection(SolutionConfigurationPlatforms) = preSolution
		Debug|Any CPU = Debug|Any CPU
		Release|Any CPU = Release|Any CPU
	EndGlobalSection
	GlobalSection(ProjectConfigurationPlatforms) = postSolution
		{F8F2F962-6CE8-4A64-84C1-0E9DC6DD396E}.Debug|Any CPU.ActiveCfg = Debug|Any CPU
		{F8F2F962-6CE8-4A64-84C1-0E9DC6DD396E}.Debug|Any CPU.Build.0 = Debug|Any CPU
		{F8F2F962-6CE8-4A64-84C1-0E9DC6DD396E}.Release|Any CPU.ActiveCfg = Release|Any CPU
		{F8F2F962-6CE8-4A64-84C1-0E9DC6DD396E}.Release|Any CPU.Build.0 = Release|Any CPU
	EndGlobalSection
	GlobalSection(SolutionProperties) = preSolution
		HideSolutionNode = FALSE
	EndGlobalSection
	GlobalSection(ExtensibilityGlobals) = postSolution
		SolutionGuid = {ADFC9421-E5CF-479E-BBF1-7E120E4F11C0}
	EndGlobalSection
EndGlobal
