
Microsoft Visual Studio Solution File, Format Version 12.00
# Visual Studio Version 17
VisualStudioVersion = 17.9.34728.123
MinimumVisualStudioVersion = 10.0.40219.1
Project("{FAE04EC0-301F-11D3-BF4B-00C04F79EFBC}") = "POO", "POO.csproj", "{4088BE06-1F04-402C-B8F5-4ECAFE7CE7B7}"
EndProject
Project("{FAE04EC0-301F-11D3-BF4B-00C04F79EFBC}") = "MetodosDados", "..\MetodosDados\MetodosDados.csproj", "{F3BE0FAB-D5BB-4F1E-B6B2-AC118DF35309}"
EndProject
Project("{FAE04EC0-301F-11D3-BF4B-00C04F79EFBC}") = "ConsoleApp1", "..\ConsoleApp1\ConsoleApp1.csproj", "{222CDAAF-0515-42C1-8A9C-814EB39C1162}"
EndProject
Project("{FAE04EC0-301F-11D3-BF4B-00C04F79EFBC}") = "Propriedades GetSet", "..\Propriedades GetSet\Propriedades GetSet.csproj", "{ACFD0C28-1235-44AD-B50E-77DD1F3654AE}"
EndProject
Project("{FAE04EC0-301F-11D3-BF4B-00C04F79EFBC}") = "Encapsulamento", "..\Encapsulamento\Encapsulamento.csproj", "{CE3BC2E1-1C40-4A57-BB3B-5F6A715646E7}"
EndProject
Project("{FAE04EC0-301F-11D3-BF4B-00C04F79EFBC}") = "Heranca", "..\Henraca\Heranca.csproj", "{172838D2-8F80-425F-A0B8-FC667F351FA5}"
EndProject
Global
	GlobalSection(SolutionConfigurationPlatforms) = preSolution
		Debug|Any CPU = Debug|Any CPU
		Release|Any CPU = Release|Any CPU
	EndGlobalSection
	GlobalSection(ProjectConfigurationPlatforms) = postSolution
		{4088BE06-1F04-402C-B8F5-4ECAFE7CE7B7}.Debug|Any CPU.ActiveCfg = Debug|Any CPU
		{4088BE06-1F04-402C-B8F5-4ECAFE7CE7B7}.Debug|Any CPU.Build.0 = Debug|Any CPU
		{4088BE06-1F04-402C-B8F5-4ECAFE7CE7B7}.Release|Any CPU.ActiveCfg = Release|Any CPU
		{4088BE06-1F04-402C-B8F5-4ECAFE7CE7B7}.Release|Any CPU.Build.0 = Release|Any CPU
		{F3BE0FAB-D5BB-4F1E-B6B2-AC118DF35309}.Debug|Any CPU.ActiveCfg = Debug|Any CPU
		{F3BE0FAB-D5BB-4F1E-B6B2-AC118DF35309}.Debug|Any CPU.Build.0 = Debug|Any CPU
		{F3BE0FAB-D5BB-4F1E-B6B2-AC118DF35309}.Release|Any CPU.ActiveCfg = Release|Any CPU
		{F3BE0FAB-D5BB-4F1E-B6B2-AC118DF35309}.Release|Any CPU.Build.0 = Release|Any CPU
		{222CDAAF-0515-42C1-8A9C-814EB39C1162}.Debug|Any CPU.ActiveCfg = Debug|Any CPU
		{222CDAAF-0515-42C1-8A9C-814EB39C1162}.Debug|Any CPU.Build.0 = Debug|Any CPU
		{222CDAAF-0515-42C1-8A9C-814EB39C1162}.Release|Any CPU.ActiveCfg = Release|Any CPU
		{222CDAAF-0515-42C1-8A9C-814EB39C1162}.Release|Any CPU.Build.0 = Release|Any CPU
		{ACFD0C28-1235-44AD-B50E-77DD1F3654AE}.Debug|Any CPU.ActiveCfg = Debug|Any CPU
		{ACFD0C28-1235-44AD-B50E-77DD1F3654AE}.Debug|Any CPU.Build.0 = Debug|Any CPU
		{ACFD0C28-1235-44AD-B50E-77DD1F3654AE}.Release|Any CPU.ActiveCfg = Release|Any CPU
		{ACFD0C28-1235-44AD-B50E-77DD1F3654AE}.Release|Any CPU.Build.0 = Release|Any CPU
		{CE3BC2E1-1C40-4A57-BB3B-5F6A715646E7}.Debug|Any CPU.ActiveCfg = Debug|Any CPU
		{CE3BC2E1-1C40-4A57-BB3B-5F6A715646E7}.Debug|Any CPU.Build.0 = Debug|Any CPU
		{CE3BC2E1-1C40-4A57-BB3B-5F6A715646E7}.Release|Any CPU.ActiveCfg = Release|Any CPU
		{CE3BC2E1-1C40-4A57-BB3B-5F6A715646E7}.Release|Any CPU.Build.0 = Release|Any CPU
		{172838D2-8F80-425F-A0B8-FC667F351FA5}.Debug|Any CPU.ActiveCfg = Debug|Any CPU
		{172838D2-8F80-425F-A0B8-FC667F351FA5}.Debug|Any CPU.Build.0 = Debug|Any CPU
		{172838D2-8F80-425F-A0B8-FC667F351FA5}.Release|Any CPU.ActiveCfg = Release|Any CPU
		{172838D2-8F80-425F-A0B8-FC667F351FA5}.Release|Any CPU.Build.0 = Release|Any CPU
	EndGlobalSection
	GlobalSection(SolutionProperties) = preSolution
		HideSolutionNode = FALSE
	EndGlobalSection
	GlobalSection(ExtensibilityGlobals) = postSolution
		SolutionGuid = {BCE282DF-F699-4B2D-B256-F7F08BE6D764}
	EndGlobalSection
EndGlobal
