
Microsoft Visual Studio Solution File, Format Version 12.00
# Visual Studio Version 17
VisualStudioVersion = 17.14.36127.28 d17.14
MinimumVisualStudioVersion = 10.0.40219.1
Project("{FAE04EC0-301F-11D3-BF4B-00C04F79EFBC}") = "Projeto_Farmacia", "Projeto_Farmacia.csproj", "{F3754E2C-71AD-4752-9002-51389266355E}"
EndProject
Global
	GlobalSection(SolutionConfigurationPlatforms) = preSolution
		Debug|Any CPU = Debug|Any CPU
		Release|Any CPU = Release|Any CPU
	EndGlobalSection
	GlobalSection(ProjectConfigurationPlatforms) = postSolution
		{F3754E2C-71AD-4752-9002-51389266355E}.Debug|Any CPU.ActiveCfg = Debug|Any CPU
		{F3754E2C-71AD-4752-9002-51389266355E}.Debug|Any CPU.Build.0 = Debug|Any CPU
		{F3754E2C-71AD-4752-9002-51389266355E}.Release|Any CPU.ActiveCfg = Release|Any CPU
		{F3754E2C-71AD-4752-9002-51389266355E}.Release|Any CPU.Build.0 = Release|Any CPU
	EndGlobalSection
	GlobalSection(SolutionProperties) = preSolution
		HideSolutionNode = FALSE
	EndGlobalSection
	GlobalSection(ExtensibilityGlobals) = postSolution
		SolutionGuid = {C5952B88-826B-4ACC-B8D9-D46E7FAE0BFF}
	EndGlobalSection
EndGlobal
