
Microsoft Visual Studio Solution File, Format Version 12.00
# Visual Studio Version 17
VisualStudioVersion = 17.14.36127.28 d17.14
MinimumVisualStudioVersion = 10.0.40219.1
Project("{FAE04EC0-301F-11D3-BF4B-00C04F79EFBC}") = "BarraLateralC#", "BarraLateralC#.csproj", "{1F0F554A-9352-4B6B-AC14-9D2A6D1A575F}"
EndProject
Global
	GlobalSection(SolutionConfigurationPlatforms) = preSolution
		Debug|Any CPU = Debug|Any CPU
		Release|Any CPU = Release|Any CPU
	EndGlobalSection
	GlobalSection(ProjectConfigurationPlatforms) = postSolution
		{1F0F554A-9352-4B6B-AC14-9D2A6D1A575F}.Debug|Any CPU.ActiveCfg = Debug|Any CPU
		{1F0F554A-9352-4B6B-AC14-9D2A6D1A575F}.Debug|Any CPU.Build.0 = Debug|Any CPU
		{1F0F554A-9352-4B6B-AC14-9D2A6D1A575F}.Release|Any CPU.ActiveCfg = Release|Any CPU
		{1F0F554A-9352-4B6B-AC14-9D2A6D1A575F}.Release|Any CPU.Build.0 = Release|Any CPU
	EndGlobalSection
	GlobalSection(SolutionProperties) = preSolution
		HideSolutionNode = FALSE
	EndGlobalSection
	GlobalSection(ExtensibilityGlobals) = postSolution
		SolutionGuid = {B2959D55-535E-4FCE-AA7C-847078708AC2}
	EndGlobalSection
EndGlobal
