
Microsoft Visual Studio Solution File, Format Version 12.00
# Visual Studio Version 17
VisualStudioVersion = 17.9.34728.123
MinimumVisualStudioVersion = 10.0.40219.1
Project("{FAE04EC0-301F-11D3-BF4B-00C04F79EFBC}") = "Coleções", "Coleções.csproj", "{2168CA30-4B23-41D1-BF0B-E489520E0AAA}"
EndProject
Global
	GlobalSection(SolutionConfigurationPlatforms) = preSolution
		Debug|Any CPU = Debug|Any CPU
		Release|Any CPU = Release|Any CPU
	EndGlobalSection
	GlobalSection(ProjectConfigurationPlatforms) = postSolution
		{2168CA30-4B23-41D1-BF0B-E489520E0AAA}.Debug|Any CPU.ActiveCfg = Debug|Any CPU
		{2168CA30-4B23-41D1-BF0B-E489520E0AAA}.Debug|Any CPU.Build.0 = Debug|Any CPU
		{2168CA30-4B23-41D1-BF0B-E489520E0AAA}.Release|Any CPU.ActiveCfg = Release|Any CPU
		{2168CA30-4B23-41D1-BF0B-E489520E0AAA}.Release|Any CPU.Build.0 = Release|Any CPU
	EndGlobalSection
	GlobalSection(SolutionProperties) = preSolution
		HideSolutionNode = FALSE
	EndGlobalSection
	GlobalSection(ExtensibilityGlobals) = postSolution
		SolutionGuid = {92B7CF73-4DD4-491C-900D-FB75D16EBF8C}
	EndGlobalSection
EndGlobal
