
Microsoft Visual Studio Solution File, Format Version 12.00
# Visual Studio Version 17
VisualStudioVersion = 17.14.36127.28 d17.14
MinimumVisualStudioVersion = 10.0.40219.1
Project("{FAE04EC0-301F-11D3-BF4B-00C04F79EFBC}") = "API_FTI", "API_FTI.csproj", "{64116DB0-4644-4FB6-A834-9E69059394DC}"
EndProject
Global
	GlobalSection(SolutionConfigurationPlatforms) = preSolution
		Debug|Any CPU = Debug|Any CPU
		Release|Any CPU = Release|Any CPU
	EndGlobalSection
	GlobalSection(ProjectConfigurationPlatforms) = postSolution
		{64116DB0-4644-4FB6-A834-9E69059394DC}.Debug|Any CPU.ActiveCfg = Debug|Any CPU
		{64116DB0-4644-4FB6-A834-9E69059394DC}.Debug|Any CPU.Build.0 = Debug|Any CPU
		{64116DB0-4644-4FB6-A834-9E69059394DC}.Release|Any CPU.ActiveCfg = Release|Any CPU
		{64116DB0-4644-4FB6-A834-9E69059394DC}.Release|Any CPU.Build.0 = Release|Any CPU
	EndGlobalSection
	GlobalSection(SolutionProperties) = preSolution
		HideSolutionNode = FALSE
	EndGlobalSection
	GlobalSection(ExtensibilityGlobals) = postSolution
		SolutionGuid = {C84E0B75-994B-40AB-84DA-C9A3E61EC82B}
	EndGlobalSection
EndGlobal
